
Microsoft Visual Studio Solution File, Format Version 12.00
# Visual Studio Version 16
VisualStudioVersion = 16.0.29709.97
MinimumVisualStudioVersion = 10.0.40219.1
Project("{FAE04EC0-301F-11D3-BF4B-00C04F79EFBC}") = "AOC20208HandheldHalting", "AOC20208HandheldHalting.csproj", "{2DC21491-0C92-427C-A75D-E5490E25600B}"
EndProject
Global
	GlobalSection(SolutionConfigurationPlatforms) = preSolution
		Debug|Any CPU = Debug|Any CPU
		Release|Any CPU = Release|Any CPU
	EndGlobalSection
	GlobalSection(ProjectConfigurationPlatforms) = postSolution
		{2DC21491-0C92-427C-A75D-E5490E25600B}.Debug|Any CPU.ActiveCfg = Debug|Any CPU
		{2DC21491-0C92-427C-A75D-E5490E25600B}.Debug|Any CPU.Build.0 = Debug|Any CPU
		{2DC21491-0C92-427C-A75D-E5490E25600B}.Release|Any CPU.ActiveCfg = Release|Any CPU
		{2DC21491-0C92-427C-A75D-E5490E25600B}.Release|Any CPU.Build.0 = Release|Any CPU
	EndGlobalSection
	GlobalSection(SolutionProperties) = preSolution
		HideSolutionNode = FALSE
	EndGlobalSection
	GlobalSection(ExtensibilityGlobals) = postSolution
		SolutionGuid = {9AB3E40F-E58B-4F2D-94CF-733D789EF0E7}
	EndGlobalSection
EndGlobal
